[root]
name = "patina"
version = "0.0.1"
dependencies = [
 "libc 0.1.8 (registry+https://github.com/rust-lang/crates.io-index)",
 "rustecla 0.0.1 (git+https://github.com/cyborgsphinx/rustecla.git)",
]

[[package]]
name = "libc"
version = "0.1.8"
source = "registry+https://github.com/rust-lang/crates.io-index"

[[package]]
name = "rustecla"
version = "0.0.1"
source = "git+https://github.com/cyborgsphinx/rustecla.git#670b5b08ff10b8ec00a99d174da767abaf6d801f"
dependencies = [
 "libc 0.1.8 (registry+https://github.com/rust-lang/crates.io-index)",
]

